
Microsoft Visual Studio Solution File, Format Version 12.00
# Visual Studio Version 16
VisualStudioVersion = 16.0.29613.14
MinimumVisualStudioVersion = 10.0.40219.1
Project("{FAE04EC0-301F-11D3-BF4B-00C04F79EFBC}") = "patient", "patient\patient.csproj", "{D031B176-F3A6-4E3F-A1C3-BA63669922CA}"
EndProject
Global
	GlobalSection(SolutionConfigurationPlatforms) = preSolution
		Debug|Any CPU = Debug|Any CPU
		Release|Any CPU = Release|Any CPU
	EndGlobalSection
	GlobalSection(ProjectConfigurationPlatforms) = postSolution
		{D031B176-F3A6-4E3F-A1C3-BA63669922CA}.Debug|Any CPU.ActiveCfg = Debug|Any CPU
		{D031B176-F3A6-4E3F-A1C3-BA63669922CA}.Debug|Any CPU.Build.0 = Debug|Any CPU
		{D031B176-F3A6-4E3F-A1C3-BA63669922CA}.Release|Any CPU.ActiveCfg = Release|Any CPU
		{D031B176-F3A6-4E3F-A1C3-BA63669922CA}.Release|Any CPU.Build.0 = Release|Any CPU
	EndGlobalSection
	GlobalSection(SolutionProperties) = preSolution
		HideSolutionNode = FALSE
	EndGlobalSection
	GlobalSection(ExtensibilityGlobals) = postSolution
		SolutionGuid = {FD75BAE5-ADEB-4EE1-9F93-9A4685F9309E}
	EndGlobalSection
EndGlobal
